
Microsoft Visual Studio Solution File, Format Version 12.00
# Visual Studio 2013
VisualStudioVersion = 12.0.31101.0
MinimumVisualStudioVersion = 10.0.40219.1
Project("{FAE04EC0-301F-11D3-BF4B-00C04F79EFBC}") = "VStudio.Extension.Android", "Sources\VStudio\VStudio.Extension.Android.csproj", "{CFBB8BAB-AA45-4B3D-8541-CACF96B94350}"
	ProjectSection(ProjectDependencies) = postProject
		{A3F2A9DB-6BB1-4BF2-3231-6BBDD129A6EB} = {A3F2A9DB-6BB1-4BF2-3231-6BBDD129A6EB}
	EndProjectSection
EndProject
Project("{FAE04EC0-301F-11D3-BF4B-00C04F79EFBC}") = "VStudio.Project.Android", "Sources\VStudio\VStudio.Project.Android.csproj", "{3E651A4C-97F4-41FC-9E0C-7D65A86BD794}"
	ProjectSection(ProjectDependencies) = postProject
		{A3F2A9DB-6BB1-4BF2-3231-6BBDD129A6EB} = {A3F2A9DB-6BB1-4BF2-3231-6BBDD129A6EB}
	EndProjectSection
EndProject
Project("{FAE04EC0-301F-11D3-BF4B-00C04F79EFBC}") = "SharpZipLib", "Common\SharpZipLib\SharpZipLib.csproj", "{13F162A6-BB55-40B6-A258-7AD5C0B4A386}"
EndProject
Project("{2150E333-8FDC-42A3-9474-1A3956D46DE8}") = "Dependencies", "Dependencies", "{2DB699FD-74C6-4DE1-8F05-B95447AB3F35}"
EndProject
Project("{FAE04EC0-301F-11D3-BF4B-00C04F79EFBC}") = "ApkLib", "Sources\ApkLib\ApkLib.csproj", "{13F1BB11-ABB6-B755-CC77-7AD5C0B4BB22}"
EndProject
Project("{FAE04EC0-301F-11D3-BF4B-00C04F79EFBC}") = "Utility", "Sources\Utility\Utility.csproj", "{13F162A6-F530-40B3-1234-7AD5C0B4A386}"
EndProject
Project("{2150E333-8FDC-42A3-9474-1A3956D46DE8}") = "Libraries", "Libraries", "{D5FDE676-C70E-4CE6-87A5-7B01B0A20687}"
EndProject
Project("{2150E333-8FDC-42A3-9474-1A3956D46DE8}") = "ItemTemplates", "ItemTemplates", "{7FCF338D-9BC0-48DC-AB05-DE0BD72B1523}"
EndProject
Project("{FAE04EC0-301F-11D3-BF4B-00C04F79EFBC}") = "LayoutTemplate.Android", "Sources\VStudio\ItemTemplates\Layout\LayoutTemplate.Android.csproj", "{796925C9-ED3B-4000-9567-89AB3A64374D}"
EndProject
Project("{FAE04EC0-301F-11D3-BF4B-00C04F79EFBC}") = "MenuTemplate.Android", "Sources\VStudio\ItemTemplates\Menu\MenuTemplate.Android.csproj", "{796925C9-ED3B-4000-9567-720000000000}"
EndProject
Project("{FAE04EC0-301F-11D3-BF4B-00C04F79EFBC}") = "PluralsTemplate.Android", "Sources\VStudio\ItemTemplates\Plurals\PluralsTemplate.Android.csproj", "{796925C9-ED3B-4000-9567-72E43A64374D}"
EndProject
Project("{FAE04EC0-301F-11D3-BF4B-00C04F79EFBC}") = "StringArraysTemplate.Android", "Sources\VStudio\ItemTemplates\StringArrays\StringArraysTemplate.Android.csproj", "{796925C9-ED3B-4000-9567-67E43A64374D}"
EndProject
Project("{FAE04EC0-301F-11D3-BF4B-00C04F79EFBC}") = "StringsTemplate.Android", "Sources\VStudio\ItemTemplates\Strings\StringsTemplate.Android.csproj", "{796925C9-ED3B-4000-955A-67E43A64374D}"
EndProject
Project("{2150E333-8FDC-42A3-9474-1A3956D46DE8}") = "ProjectTemplates", "ProjectTemplates", "{FCD87FCC-C9F5-4FCD-9E18-7AA2802F7B09}"
EndProject
Project("{FAE04EC0-301F-11D3-BF4B-00C04F79EFBC}") = "BouncyCastle-v1.7", "Common\BouncyCastle\v1.7\BouncyCastle-v1.7.csproj", "{BB4562A6-BB44-BBB6-1111-22D5C0B4A386}"
EndProject
Project("{FAE04EC0-301F-11D3-BF4B-00C04F79EFBC}") = "CryptoUI", "Sources\CryptoUI\CryptoUI.csproj", "{EE083D57-34DD-4C67-71CF-3D42A96C86F9}"
EndProject
Project("{FAE04EC0-301F-11D3-BF4B-00C04F79EFBC}") = "FrameworkDefinitions", "Sources\FrameworkDefinitions\FrameworkDefinitions.csproj", "{13F162A6-AA66-BB55-CC77-7AD5C0B4BB22}"
EndProject
Project("{FAE04EC0-301F-11D3-BF4B-00C04F79EFBC}") = "AdbLib", "Sources\AdbLib\AdbLib.csproj", "{13F1BB11-B71A-AA59-44DE-7AD5C0B4BB22}"
EndProject
Project("{FAE04EC0-301F-11D3-BF4B-00C04F79EFBC}") = "SharedUI", "Sources\SharedUI\SharedUI.csproj", "{1456BD11-4559-BB59-44DE-7AD5C0B4BB22}"
EndProject
Project("{FAE04EC0-301F-11D3-BF4B-00C04F79EFBC}") = "DeviceUILib", "Sources\DeviceUILib\DeviceUILib.csproj", "{13F1BB11-B759-BB59-44DE-7AD5C0B4BB22}"
EndProject
Project("{FAE04EC0-301F-11D3-BF4B-00C04F79EFBC}") = "ResourcesLib", "Sources\ResourcesLib\ResourcesLib.csproj", "{13F162A6-F530-45DE-BB18-7AD5C0B4A386}"
EndProject
Project("{FAE04EC0-301F-11D3-BF4B-00C04F79EFBC}") = "ShapeTemplate.Android", "Sources\VStudio\ItemTemplates\Shape\ShapeTemplate.Android.csproj", "{796925C9-ED3B-4000-955A-67E56A64B24D}"
EndProject
Project("{FAE04EC0-301F-11D3-BF4B-00C04F79EFBC}") = "ViewAnimationTemplate.Android", "Sources\VStudio\ItemTemplates\ViewAnimation\ViewAnimationTemplate.Android.csproj", "{839C0A91-FDEB-4D99-B1BF-7DE6DFEA2B32}"
EndProject
Project("{FAE04EC0-301F-11D3-BF4B-00C04F79EFBC}") = "StyleTemplate.Android", "Sources\VStudio\ItemTemplates\Style\StyleTemplate.Android.csproj", "{796925C9-ED3B-4000-955A-672BEA64774D}"
EndProject
Project("{FAE04EC0-301F-11D3-BF4B-00C04F79EFBC}") = "Graphics", "Sources\Graphics\Graphics.csproj", "{13F134AD-A566-E5B2-2FE7-7AD5C0B4A386}"
EndProject
Project("{FAE04EC0-301F-11D3-BF4B-00C04F79EFBC}") = "DebuggerLib", "Sources\DebuggerLib\DebuggerLib.csproj", "{13F1BB11-B71A-AA59-32AE-7AD34AB4BB22}"
EndProject
Project("{FAE04EC0-301F-11D3-BF4B-00C04F79EFBC}") = "JvmClassLib", "Sources\JvmClassLib\JvmClassLib.csproj", "{13F162A6-F530-40B6-A258-7AD5C0B4A386}"
EndProject
Project("{FAE04EC0-301F-11D3-BF4B-00C04F79EFBC}") = "MappingLib", "Sources\Mapping\MappingLib.csproj", "{13F162A6-F530-40F2-1234-7AD5123AA386}"
EndProject
Project("{FAE04EC0-301F-11D3-BF4B-00C04F79EFBC}") = "DexLib", "Sources\DexLib\DexLib.csproj", "{CAF03EFC-1CF0-49DA-8C2E-684949E08833}"
EndProject
Project("{FAE04EC0-301F-11D3-BF4B-00C04F79EFBC}") = "AppWidget.Android", "Sources\VStudio\ItemTemplates\AppWidget\AppWidget.Android.csproj", "{796925C9-ED3B-4000-1DFE-89AA312AD44D}"
EndProject
Project("{FAE04EC0-301F-11D3-BF4B-00C04F79EFBC}") = "IdeLib", "Sources\IdeLib\IdeLib.csproj", "{14523AD1-45BD-BB59-44DE-7AD5C0B4BB22}"
EndProject
Project("{FAE04EC0-301F-11D3-BF4B-00C04F79EFBC}") = "ActivityTemplate.Android", "Sources\VStudio\ItemTemplates\Activity\ActivityTemplate.Android.csproj", "{796925C9-ED3B-4000-12FE-89AA3464374D}"
EndProject
Project("{FAE04EC0-301F-11D3-BF4B-00C04F79EFBC}") = "ApplicationProjectTemplate.Android", "Sources\VStudio\ProjectTemplates\ApplicationProject\ApplicationProjectTemplate.Android.csproj", "{3774013F-2399-48DC-ABD1-4D5BA1519033}"
EndProject
Project("{FAE04EC0-301F-11D3-BF4B-00C04F79EFBC}") = "ClassLibraryTemplate.Android", "Sources\VStudio\ProjectTemplates\ClassLibraryProject\ClassLibraryTemplate.Android.csproj", "{3774013F-12AD-48DC-A4A1-4D5BA1519033}"
EndProject
Project("{FAE04EC0-301F-11D3-BF4B-00C04F79EFBC}") = "BarLib", "Sources\BarLib\BarLib.csproj", "{13F1BB11-45DE-B755-CC77-7AD5C0B4BB22}"
EndProject
Project("{FAE04EC0-301F-11D3-BF4B-00C04F79EFBC}") = "BarDeployLib", "Sources\BarDeployLib\BarDeployLib.csproj", "{13F1BB11-B27A-54DF-44DE-7AD263BFBB22}"
EndProject
Project("{FAE04EC0-301F-11D3-BF4B-00C04F79EFBC}") = "DeviceLib", "Sources\DeviceLib\DeviceLib.csproj", "{13F1BB11-B71A-A349-4BEE-7AD5C023BB22}"
EndProject
Project("{FAE04EC0-301F-11D3-BF4B-00C04F79EFBC}") = "ManifestTemplate.Android", "Sources\VStudio\ItemTemplates\Manifest\ManifestTemplate.Android.csproj", "{ED297359-84A4-40BF-84B3-3E5932C45DC2}"
EndProject
Project("{FAE04EC0-301F-11D3-BF4B-00C04F79EFBC}") = "VStudio.Xml.vs12", "Sources\VStudio\Vs12\VStudio.Xml.vs12.csproj", "{A3F2A9DB-6BB1-4BF2-3231-6BBDD129A6EB}"
EndProject
Project("{FAE04EC0-301F-11D3-BF4B-00C04F79EFBC}") = "VStudio.Xml", "Sources\VStudio\VStudio.Xml.csproj", "{33F2A9DB-6BB1-49A2-9901-65E6A129A6EB}"
EndProject
Global
	GlobalSection(SolutionConfigurationPlatforms) = preSolution
		Debug|Any CPU = Debug|Any CPU
		Release|Any CPU = Release|Any CPU
	EndGlobalSection
	GlobalSection(ProjectConfigurationPlatforms) = postSolution
		{CFBB8BAB-AA45-4B3D-8541-CACF96B94350}.Debug|Any CPU.ActiveCfg = Debug|Any CPU
		{CFBB8BAB-AA45-4B3D-8541-CACF96B94350}.Debug|Any CPU.Build.0 = Debug|Any CPU
		{CFBB8BAB-AA45-4B3D-8541-CACF96B94350}.Release|Any CPU.ActiveCfg = Release|Any CPU
		{CFBB8BAB-AA45-4B3D-8541-CACF96B94350}.Release|Any CPU.Build.0 = Release|Any CPU
		{3E651A4C-97F4-41FC-9E0C-7D65A86BD794}.Debug|Any CPU.ActiveCfg = Debug|Any CPU
		{3E651A4C-97F4-41FC-9E0C-7D65A86BD794}.Debug|Any CPU.Build.0 = Debug|Any CPU
		{3E651A4C-97F4-41FC-9E0C-7D65A86BD794}.Release|Any CPU.ActiveCfg = Release|Any CPU
		{3E651A4C-97F4-41FC-9E0C-7D65A86BD794}.Release|Any CPU.Build.0 = Release|Any CPU
		{13F162A6-BB55-40B6-A258-7AD5C0B4A386}.Debug|Any CPU.ActiveCfg = Debug|Any CPU
		{13F162A6-BB55-40B6-A258-7AD5C0B4A386}.Debug|Any CPU.Build.0 = Debug|Any CPU
		{13F162A6-BB55-40B6-A258-7AD5C0B4A386}.Release|Any CPU.ActiveCfg = Release|Any CPU
		{13F162A6-BB55-40B6-A258-7AD5C0B4A386}.Release|Any CPU.Build.0 = Release|Any CPU
		{13F1BB11-ABB6-B755-CC77-7AD5C0B4BB22}.Debug|Any CPU.ActiveCfg = Debug|Any CPU
		{13F1BB11-ABB6-B755-CC77-7AD5C0B4BB22}.Debug|Any CPU.Build.0 = Debug|Any CPU
		{13F1BB11-ABB6-B755-CC77-7AD5C0B4BB22}.Release|Any CPU.ActiveCfg = Release|Any CPU
		{13F1BB11-ABB6-B755-CC77-7AD5C0B4BB22}.Release|Any CPU.Build.0 = Release|Any CPU
		{13F162A6-F530-40B3-1234-7AD5C0B4A386}.Debug|Any CPU.ActiveCfg = Debug|Any CPU
		{13F162A6-F530-40B3-1234-7AD5C0B4A386}.Debug|Any CPU.Build.0 = Debug|Any CPU
		{13F162A6-F530-40B3-1234-7AD5C0B4A386}.Release|Any CPU.ActiveCfg = Release|Any CPU
		{13F162A6-F530-40B3-1234-7AD5C0B4A386}.Release|Any CPU.Build.0 = Release|Any CPU
		{796925C9-ED3B-4000-9567-89AB3A64374D}.Debug|Any CPU.ActiveCfg = Debug|Any CPU
		{796925C9-ED3B-4000-9567-89AB3A64374D}.Debug|Any CPU.Build.0 = Debug|Any CPU
		{796925C9-ED3B-4000-9567-89AB3A64374D}.Release|Any CPU.ActiveCfg = Release|Any CPU
		{796925C9-ED3B-4000-9567-89AB3A64374D}.Release|Any CPU.Build.0 = Release|Any CPU
		{796925C9-ED3B-4000-9567-720000000000}.Debug|Any CPU.ActiveCfg = Debug|Any CPU
		{796925C9-ED3B-4000-9567-720000000000}.Debug|Any CPU.Build.0 = Debug|Any CPU
		{796925C9-ED3B-4000-9567-720000000000}.Release|Any CPU.ActiveCfg = Release|Any CPU
		{796925C9-ED3B-4000-9567-720000000000}.Release|Any CPU.Build.0 = Release|Any CPU
		{796925C9-ED3B-4000-9567-72E43A64374D}.Debug|Any CPU.ActiveCfg = Debug|Any CPU
		{796925C9-ED3B-4000-9567-72E43A64374D}.Debug|Any CPU.Build.0 = Debug|Any CPU
		{796925C9-ED3B-4000-9567-72E43A64374D}.Release|Any CPU.ActiveCfg = Release|Any CPU
		{796925C9-ED3B-4000-9567-72E43A64374D}.Release|Any CPU.Build.0 = Release|Any CPU
		{796925C9-ED3B-4000-9567-67E43A64374D}.Debug|Any CPU.ActiveCfg = Debug|Any CPU
		{796925C9-ED3B-4000-9567-67E43A64374D}.Debug|Any CPU.Build.0 = Debug|Any CPU
		{796925C9-ED3B-4000-9567-67E43A64374D}.Release|Any CPU.ActiveCfg = Release|Any CPU
		{796925C9-ED3B-4000-9567-67E43A64374D}.Release|Any CPU.Build.0 = Release|Any CPU
		{796925C9-ED3B-4000-955A-67E43A64374D}.Debug|Any CPU.ActiveCfg = Debug|Any CPU
		{796925C9-ED3B-4000-955A-67E43A64374D}.Debug|Any CPU.Build.0 = Debug|Any CPU
		{796925C9-ED3B-4000-955A-67E43A64374D}.Release|Any CPU.ActiveCfg = Release|Any CPU
		{796925C9-ED3B-4000-955A-67E43A64374D}.Release|Any CPU.Build.0 = Release|Any CPU
		{BB4562A6-BB44-BBB6-1111-22D5C0B4A386}.Debug|Any CPU.ActiveCfg = Debug|Any CPU
		{BB4562A6-BB44-BBB6-1111-22D5C0B4A386}.Debug|Any CPU.Build.0 = Debug|Any CPU
		{BB4562A6-BB44-BBB6-1111-22D5C0B4A386}.Release|Any CPU.ActiveCfg = Release|Any CPU
		{BB4562A6-BB44-BBB6-1111-22D5C0B4A386}.Release|Any CPU.Build.0 = Release|Any CPU
		{EE083D57-34DD-4C67-71CF-3D42A96C86F9}.Debug|Any CPU.ActiveCfg = Debug|Any CPU
		{EE083D57-34DD-4C67-71CF-3D42A96C86F9}.Debug|Any CPU.Build.0 = Debug|Any CPU
		{EE083D57-34DD-4C67-71CF-3D42A96C86F9}.Release|Any CPU.ActiveCfg = Release|Any CPU
		{EE083D57-34DD-4C67-71CF-3D42A96C86F9}.Release|Any CPU.Build.0 = Release|Any CPU
		{13F162A6-AA66-BB55-CC77-7AD5C0B4BB22}.Debug|Any CPU.ActiveCfg = Debug|Any CPU
		{13F162A6-AA66-BB55-CC77-7AD5C0B4BB22}.Debug|Any CPU.Build.0 = Debug|Any CPU
		{13F162A6-AA66-BB55-CC77-7AD5C0B4BB22}.Release|Any CPU.ActiveCfg = Release|Any CPU
		{13F162A6-AA66-BB55-CC77-7AD5C0B4BB22}.Release|Any CPU.Build.0 = Release|Any CPU
		{13F1BB11-B71A-AA59-44DE-7AD5C0B4BB22}.Debug|Any CPU.ActiveCfg = Debug|Any CPU
		{13F1BB11-B71A-AA59-44DE-7AD5C0B4BB22}.Debug|Any CPU.Build.0 = Debug|Any CPU
		{13F1BB11-B71A-AA59-44DE-7AD5C0B4BB22}.Release|Any CPU.ActiveCfg = Release|Any CPU
		{13F1BB11-B71A-AA59-44DE-7AD5C0B4BB22}.Release|Any CPU.Build.0 = Release|Any CPU
		{1456BD11-4559-BB59-44DE-7AD5C0B4BB22}.Debug|Any CPU.ActiveCfg = Debug|Any CPU
		{1456BD11-4559-BB59-44DE-7AD5C0B4BB22}.Debug|Any CPU.Build.0 = Debug|Any CPU
		{1456BD11-4559-BB59-44DE-7AD5C0B4BB22}.Release|Any CPU.ActiveCfg = Release|Any CPU
		{1456BD11-4559-BB59-44DE-7AD5C0B4BB22}.Release|Any CPU.Build.0 = Release|Any CPU
		{13F1BB11-B759-BB59-44DE-7AD5C0B4BB22}.Debug|Any CPU.ActiveCfg = Debug|Any CPU
		{13F1BB11-B759-BB59-44DE-7AD5C0B4BB22}.Debug|Any CPU.Build.0 = Debug|Any CPU
		{13F1BB11-B759-BB59-44DE-7AD5C0B4BB22}.Release|Any CPU.ActiveCfg = Release|Any CPU
		{13F1BB11-B759-BB59-44DE-7AD5C0B4BB22}.Release|Any CPU.Build.0 = Release|Any CPU
		{13F162A6-F530-45DE-BB18-7AD5C0B4A386}.Debug|Any CPU.ActiveCfg = Debug|Any CPU
		{13F162A6-F530-45DE-BB18-7AD5C0B4A386}.Debug|Any CPU.Build.0 = Debug|Any CPU
		{13F162A6-F530-45DE-BB18-7AD5C0B4A386}.Release|Any CPU.ActiveCfg = Release|Any CPU
		{13F162A6-F530-45DE-BB18-7AD5C0B4A386}.Release|Any CPU.Build.0 = Release|Any CPU
		{796925C9-ED3B-4000-955A-67E56A64B24D}.Debug|Any CPU.ActiveCfg = Debug|Any CPU
		{796925C9-ED3B-4000-955A-67E56A64B24D}.Debug|Any CPU.Build.0 = Debug|Any CPU
		{796925C9-ED3B-4000-955A-67E56A64B24D}.Release|Any CPU.ActiveCfg = Release|Any CPU
		{796925C9-ED3B-4000-955A-67E56A64B24D}.Release|Any CPU.Build.0 = Release|Any CPU
		{839C0A91-FDEB-4D99-B1BF-7DE6DFEA2B32}.Debug|Any CPU.ActiveCfg = Debug|Any CPU
		{839C0A91-FDEB-4D99-B1BF-7DE6DFEA2B32}.Debug|Any CPU.Build.0 = Debug|Any CPU
		{839C0A91-FDEB-4D99-B1BF-7DE6DFEA2B32}.Release|Any CPU.ActiveCfg = Release|Any CPU
		{839C0A91-FDEB-4D99-B1BF-7DE6DFEA2B32}.Release|Any CPU.Build.0 = Release|Any CPU
		{796925C9-ED3B-4000-955A-672BEA64774D}.Debug|Any CPU.ActiveCfg = Debug|Any CPU
		{796925C9-ED3B-4000-955A-672BEA64774D}.Debug|Any CPU.Build.0 = Debug|Any CPU
		{796925C9-ED3B-4000-955A-672BEA64774D}.Release|Any CPU.ActiveCfg = Release|Any CPU
		{796925C9-ED3B-4000-955A-672BEA64774D}.Release|Any CPU.Build.0 = Release|Any CPU
		{13F134AD-A566-E5B2-2FE7-7AD5C0B4A386}.Debug|Any CPU.ActiveCfg = Debug|Any CPU
		{13F134AD-A566-E5B2-2FE7-7AD5C0B4A386}.Debug|Any CPU.Build.0 = Debug|Any CPU
		{13F134AD-A566-E5B2-2FE7-7AD5C0B4A386}.Release|Any CPU.ActiveCfg = Release|Any CPU
		{13F134AD-A566-E5B2-2FE7-7AD5C0B4A386}.Release|Any CPU.Build.0 = Release|Any CPU
		{13F1BB11-B71A-AA59-32AE-7AD34AB4BB22}.Debug|Any CPU.ActiveCfg = Debug|Any CPU
		{13F1BB11-B71A-AA59-32AE-7AD34AB4BB22}.Debug|Any CPU.Build.0 = Debug|Any CPU
		{13F1BB11-B71A-AA59-32AE-7AD34AB4BB22}.Release|Any CPU.ActiveCfg = Release|Any CPU
		{13F1BB11-B71A-AA59-32AE-7AD34AB4BB22}.Release|Any CPU.Build.0 = Release|Any CPU
		{13F162A6-F530-40B6-A258-7AD5C0B4A386}.Debug|Any CPU.ActiveCfg = Debug|Any CPU
		{13F162A6-F530-40B6-A258-7AD5C0B4A386}.Debug|Any CPU.Build.0 = Debug|Any CPU
		{13F162A6-F530-40B6-A258-7AD5C0B4A386}.Release|Any CPU.ActiveCfg = Release|Any CPU
		{13F162A6-F530-40B6-A258-7AD5C0B4A386}.Release|Any CPU.Build.0 = Release|Any CPU
		{13F162A6-F530-40F2-1234-7AD5123AA386}.Debug|Any CPU.ActiveCfg = Debug|Any CPU
		{13F162A6-F530-40F2-1234-7AD5123AA386}.Debug|Any CPU.Build.0 = Debug|Any CPU
		{13F162A6-F530-40F2-1234-7AD5123AA386}.Release|Any CPU.ActiveCfg = Release|Any CPU
		{13F162A6-F530-40F2-1234-7AD5123AA386}.Release|Any CPU.Build.0 = Release|Any CPU
		{CAF03EFC-1CF0-49DA-8C2E-684949E08833}.Debug|Any CPU.ActiveCfg = Debug|Any CPU
		{CAF03EFC-1CF0-49DA-8C2E-684949E08833}.Debug|Any CPU.Build.0 = Debug|Any CPU
		{CAF03EFC-1CF0-49DA-8C2E-684949E08833}.Release|Any CPU.ActiveCfg = Release|Any CPU
		{CAF03EFC-1CF0-49DA-8C2E-684949E08833}.Release|Any CPU.Build.0 = Release|Any CPU
		{796925C9-ED3B-4000-1DFE-89AA312AD44D}.Debug|Any CPU.ActiveCfg = Debug|Any CPU
		{796925C9-ED3B-4000-1DFE-89AA312AD44D}.Debug|Any CPU.Build.0 = Debug|Any CPU
		{796925C9-ED3B-4000-1DFE-89AA312AD44D}.Release|Any CPU.ActiveCfg = Release|Any CPU
		{796925C9-ED3B-4000-1DFE-89AA312AD44D}.Release|Any CPU.Build.0 = Release|Any CPU
		{14523AD1-45BD-BB59-44DE-7AD5C0B4BB22}.Debug|Any CPU.ActiveCfg = Debug|Any CPU
		{14523AD1-45BD-BB59-44DE-7AD5C0B4BB22}.Debug|Any CPU.Build.0 = Debug|Any CPU
		{14523AD1-45BD-BB59-44DE-7AD5C0B4BB22}.Release|Any CPU.ActiveCfg = Release|Any CPU
		{14523AD1-45BD-BB59-44DE-7AD5C0B4BB22}.Release|Any CPU.Build.0 = Release|Any CPU
		{796925C9-ED3B-4000-12FE-89AA3464374D}.Debug|Any CPU.ActiveCfg = Debug|Any CPU
		{796925C9-ED3B-4000-12FE-89AA3464374D}.Debug|Any CPU.Build.0 = Debug|Any CPU
		{796925C9-ED3B-4000-12FE-89AA3464374D}.Release|Any CPU.ActiveCfg = Release|Any CPU
		{796925C9-ED3B-4000-12FE-89AA3464374D}.Release|Any CPU.Build.0 = Release|Any CPU
		{3774013F-2399-48DC-ABD1-4D5BA1519033}.Debug|Any CPU.ActiveCfg = Debug|Any CPU
		{3774013F-2399-48DC-ABD1-4D5BA1519033}.Debug|Any CPU.Build.0 = Debug|Any CPU
		{3774013F-2399-48DC-ABD1-4D5BA1519033}.Release|Any CPU.ActiveCfg = Release|Any CPU
		{3774013F-2399-48DC-ABD1-4D5BA1519033}.Release|Any CPU.Build.0 = Release|Any CPU
		{3774013F-12AD-48DC-A4A1-4D5BA1519033}.Debug|Any CPU.ActiveCfg = Debug|Any CPU
		{3774013F-12AD-48DC-A4A1-4D5BA1519033}.Debug|Any CPU.Build.0 = Debug|Any CPU
		{3774013F-12AD-48DC-A4A1-4D5BA1519033}.Release|Any CPU.ActiveCfg = Release|Any CPU
		{3774013F-12AD-48DC-A4A1-4D5BA1519033}.Release|Any CPU.Build.0 = Release|Any CPU
		{13F1BB11-45DE-B755-CC77-7AD5C0B4BB22}.Debug|Any CPU.ActiveCfg = Debug|Any CPU
		{13F1BB11-45DE-B755-CC77-7AD5C0B4BB22}.Debug|Any CPU.Build.0 = Debug|Any CPU
		{13F1BB11-45DE-B755-CC77-7AD5C0B4BB22}.Release|Any CPU.ActiveCfg = Release|Any CPU
		{13F1BB11-45DE-B755-CC77-7AD5C0B4BB22}.Release|Any CPU.Build.0 = Release|Any CPU
		{13F1BB11-B27A-54DF-44DE-7AD263BFBB22}.Debug|Any CPU.ActiveCfg = Debug|Any CPU
		{13F1BB11-B27A-54DF-44DE-7AD263BFBB22}.Debug|Any CPU.Build.0 = Debug|Any CPU
		{13F1BB11-B27A-54DF-44DE-7AD263BFBB22}.Release|Any CPU.ActiveCfg = Release|Any CPU
		{13F1BB11-B27A-54DF-44DE-7AD263BFBB22}.Release|Any CPU.Build.0 = Release|Any CPU
		{13F1BB11-B71A-A349-4BEE-7AD5C023BB22}.Debug|Any CPU.ActiveCfg = Debug|Any CPU
		{13F1BB11-B71A-A349-4BEE-7AD5C023BB22}.Debug|Any CPU.Build.0 = Debug|Any CPU
		{13F1BB11-B71A-A349-4BEE-7AD5C023BB22}.Release|Any CPU.ActiveCfg = Release|Any CPU
		{13F1BB11-B71A-A349-4BEE-7AD5C023BB22}.Release|Any CPU.Build.0 = Release|Any CPU
		{ED297359-84A4-40BF-84B3-3E5932C45DC2}.Debug|Any CPU.ActiveCfg = Debug|Any CPU
		{ED297359-84A4-40BF-84B3-3E5932C45DC2}.Debug|Any CPU.Build.0 = Debug|Any CPU
		{ED297359-84A4-40BF-84B3-3E5932C45DC2}.Release|Any CPU.ActiveCfg = Release|Any CPU
		{ED297359-84A4-40BF-84B3-3E5932C45DC2}.Release|Any CPU.Build.0 = Release|Any CPU
		{A3F2A9DB-6BB1-4BF2-3231-6BBDD129A6EB}.Debug|Any CPU.ActiveCfg = Debug|Any CPU
		{A3F2A9DB-6BB1-4BF2-3231-6BBDD129A6EB}.Debug|Any CPU.Build.0 = Debug|Any CPU
		{A3F2A9DB-6BB1-4BF2-3231-6BBDD129A6EB}.Release|Any CPU.ActiveCfg = Release|Any CPU
		{A3F2A9DB-6BB1-4BF2-3231-6BBDD129A6EB}.Release|Any CPU.Build.0 = Release|Any CPU
		{33F2A9DB-6BB1-49A2-9901-65E6A129A6EB}.Debug|Any CPU.ActiveCfg = Debug|Any CPU
		{33F2A9DB-6BB1-49A2-9901-65E6A129A6EB}.Debug|Any CPU.Build.0 = Debug|Any CPU
		{33F2A9DB-6BB1-49A2-9901-65E6A129A6EB}.Release|Any CPU.ActiveCfg = Release|Any CPU
		{33F2A9DB-6BB1-49A2-9901-65E6A129A6EB}.Release|Any CPU.Build.0 = Release|Any CPU
	EndGlobalSection
	GlobalSection(SolutionProperties) = preSolution
		HideSolutionNode = FALSE
	EndGlobalSection
	GlobalSection(NestedProjects) = preSolution
		{13F162A6-BB55-40B6-A258-7AD5C0B4A386} = {2DB699FD-74C6-4DE1-8F05-B95447AB3F35}
		{13F1BB11-ABB6-B755-CC77-7AD5C0B4BB22} = {D5FDE676-C70E-4CE6-87A5-7B01B0A20687}
		{13F162A6-F530-40B3-1234-7AD5C0B4A386} = {D5FDE676-C70E-4CE6-87A5-7B01B0A20687}
		{796925C9-ED3B-4000-9567-89AB3A64374D} = {7FCF338D-9BC0-48DC-AB05-DE0BD72B1523}
		{796925C9-ED3B-4000-9567-720000000000} = {7FCF338D-9BC0-48DC-AB05-DE0BD72B1523}
		{796925C9-ED3B-4000-9567-72E43A64374D} = {7FCF338D-9BC0-48DC-AB05-DE0BD72B1523}
		{796925C9-ED3B-4000-9567-67E43A64374D} = {7FCF338D-9BC0-48DC-AB05-DE0BD72B1523}
		{796925C9-ED3B-4000-955A-67E43A64374D} = {7FCF338D-9BC0-48DC-AB05-DE0BD72B1523}
		{BB4562A6-BB44-BBB6-1111-22D5C0B4A386} = {2DB699FD-74C6-4DE1-8F05-B95447AB3F35}
		{EE083D57-34DD-4C67-71CF-3D42A96C86F9} = {D5FDE676-C70E-4CE6-87A5-7B01B0A20687}
		{13F162A6-AA66-BB55-CC77-7AD5C0B4BB22} = {D5FDE676-C70E-4CE6-87A5-7B01B0A20687}
		{13F1BB11-B71A-AA59-44DE-7AD5C0B4BB22} = {D5FDE676-C70E-4CE6-87A5-7B01B0A20687}
		{1456BD11-4559-BB59-44DE-7AD5C0B4BB22} = {D5FDE676-C70E-4CE6-87A5-7B01B0A20687}
		{13F1BB11-B759-BB59-44DE-7AD5C0B4BB22} = {D5FDE676-C70E-4CE6-87A5-7B01B0A20687}
		{13F162A6-F530-45DE-BB18-7AD5C0B4A386} = {D5FDE676-C70E-4CE6-87A5-7B01B0A20687}
		{796925C9-ED3B-4000-955A-67E56A64B24D} = {7FCF338D-9BC0-48DC-AB05-DE0BD72B1523}
		{839C0A91-FDEB-4D99-B1BF-7DE6DFEA2B32} = {7FCF338D-9BC0-48DC-AB05-DE0BD72B1523}
		{796925C9-ED3B-4000-955A-672BEA64774D} = {7FCF338D-9BC0-48DC-AB05-DE0BD72B1523}
		{13F134AD-A566-E5B2-2FE7-7AD5C0B4A386} = {D5FDE676-C70E-4CE6-87A5-7B01B0A20687}
		{13F1BB11-B71A-AA59-32AE-7AD34AB4BB22} = {D5FDE676-C70E-4CE6-87A5-7B01B0A20687}
		{13F162A6-F530-40B6-A258-7AD5C0B4A386} = {D5FDE676-C70E-4CE6-87A5-7B01B0A20687}
		{13F162A6-F530-40F2-1234-7AD5123AA386} = {D5FDE676-C70E-4CE6-87A5-7B01B0A20687}
		{CAF03EFC-1CF0-49DA-8C2E-684949E08833} = {D5FDE676-C70E-4CE6-87A5-7B01B0A20687}
		{796925C9-ED3B-4000-1DFE-89AA312AD44D} = {7FCF338D-9BC0-48DC-AB05-DE0BD72B1523}
		{14523AD1-45BD-BB59-44DE-7AD5C0B4BB22} = {D5FDE676-C70E-4CE6-87A5-7B01B0A20687}
		{796925C9-ED3B-4000-12FE-89AA3464374D} = {7FCF338D-9BC0-48DC-AB05-DE0BD72B1523}
		{3774013F-2399-48DC-ABD1-4D5BA1519033} = {FCD87FCC-C9F5-4FCD-9E18-7AA2802F7B09}
		{3774013F-12AD-48DC-A4A1-4D5BA1519033} = {FCD87FCC-C9F5-4FCD-9E18-7AA2802F7B09}
		{13F1BB11-45DE-B755-CC77-7AD5C0B4BB22} = {D5FDE676-C70E-4CE6-87A5-7B01B0A20687}
		{13F1BB11-B27A-54DF-44DE-7AD263BFBB22} = {D5FDE676-C70E-4CE6-87A5-7B01B0A20687}
		{13F1BB11-B71A-A349-4BEE-7AD5C023BB22} = {D5FDE676-C70E-4CE6-87A5-7B01B0A20687}
		{ED297359-84A4-40BF-84B3-3E5932C45DC2} = {7FCF338D-9BC0-48DC-AB05-DE0BD72B1523}
	EndGlobalSection
EndGlobal
