
Microsoft Visual Studio Solution File, Format Version 12.00
# Visual Studio 2013
VisualStudioVersion = 12.0.31101.0
MinimumVisualStudioVersion = 10.0.40219.1
Project("{FAE04EC0-301F-11D3-BF4B-00C04F79EFBC}") = "VStudio.Xml", "Sources\VStudio\VStudio.Xml.csproj", "{33F2A9DB-6BB1-49A2-9901-65E6A129A6EB}"
EndProject
Project("{FAE04EC0-301F-11D3-BF4B-00C04F79EFBC}") = "VStudio.Xml.vs11", "Sources\VStudio\Vs11\VStudio.Xml.vs11.csproj", "{33F2A9DB-6BB1-49A2-3411-6BBDD129A6EB}"
EndProject
Project("{FAE04EC0-301F-11D3-BF4B-00C04F79EFBC}") = "VStudio.Xml.vs12", "Sources\VStudio\Vs12\VStudio.Xml.vs12.csproj", "{A3F2A9DB-6BB1-4BF2-3231-6BBDD129A6EB}"
EndProject
Project("{FAE04EC0-301F-11D3-BF4B-00C04F79EFBC}") = "VStudio.Xml.vs14", "Sources\VStudio\Vs14\VStudio.Xml.vs14.csproj", "{A3F2A9DB-6BB1-4BF2-3231-6BBDD129A6EC}"
EndProject
Project("{FAE04EC0-301F-11D3-BF4B-00C04F79EFBC}") = "VStudio.Xml.vs10", "Sources\VStudio\Vs10\VStudio.Xml.vs10.csproj", "{33F2A9DB-6BB1-49A2-3412-65E6A129A6EB}"
EndProject
Global
	GlobalSection(SolutionConfigurationPlatforms) = preSolution
		Debug|Any CPU = Debug|Any CPU
		Release|Any CPU = Release|Any CPU
	EndGlobalSection
	GlobalSection(ProjectConfigurationPlatforms) = postSolution
		{33F2A9DB-6BB1-49A2-9901-65E6A129A6EB}.Debug|Any CPU.ActiveCfg = Debug|Any CPU
		{33F2A9DB-6BB1-49A2-9901-65E6A129A6EB}.Debug|Any CPU.Build.0 = Debug|Any CPU
		{33F2A9DB-6BB1-49A2-9901-65E6A129A6EB}.Release|Any CPU.ActiveCfg = Release|Any CPU
		{33F2A9DB-6BB1-49A2-9901-65E6A129A6EB}.Release|Any CPU.Build.0 = Release|Any CPU
		{33F2A9DB-6BB1-49A2-3411-6BBDD129A6EB}.Debug|Any CPU.ActiveCfg = Debug|Any CPU
		{33F2A9DB-6BB1-49A2-3411-6BBDD129A6EB}.Debug|Any CPU.Build.0 = Debug|Any CPU
		{33F2A9DB-6BB1-49A2-3411-6BBDD129A6EB}.Release|Any CPU.ActiveCfg = Release|Any CPU
		{33F2A9DB-6BB1-49A2-3411-6BBDD129A6EB}.Release|Any CPU.Build.0 = Release|Any CPU
		{A3F2A9DB-6BB1-4BF2-3231-6BBDD129A6EB}.Debug|Any CPU.ActiveCfg = Debug|Any CPU
		{A3F2A9DB-6BB1-4BF2-3231-6BBDD129A6EB}.Debug|Any CPU.Build.0 = Debug|Any CPU
		{A3F2A9DB-6BB1-4BF2-3231-6BBDD129A6EB}.Release|Any CPU.ActiveCfg = Release|Any CPU
		{A3F2A9DB-6BB1-4BF2-3231-6BBDD129A6EB}.Release|Any CPU.Build.0 = Release|Any CPU
		{A3F2A9DB-6BB1-4BF2-3231-6BBDD129A6EC}.Debug|Any CPU.ActiveCfg = Debug|Any CPU
		{A3F2A9DB-6BB1-4BF2-3231-6BBDD129A6EC}.Debug|Any CPU.Build.0 = Debug|Any CPU
		{A3F2A9DB-6BB1-4BF2-3231-6BBDD129A6EC}.Release|Any CPU.ActiveCfg = Release|Any CPU
		{A3F2A9DB-6BB1-4BF2-3231-6BBDD129A6EC}.Release|Any CPU.Build.0 = Release|Any CPU
		{33F2A9DB-6BB1-49A2-3412-65E6A129A6EB}.Debug|Any CPU.ActiveCfg = Debug|Any CPU
		{33F2A9DB-6BB1-49A2-3412-65E6A129A6EB}.Debug|Any CPU.Build.0 = Debug|Any CPU
		{33F2A9DB-6BB1-49A2-3412-65E6A129A6EB}.Release|Any CPU.ActiveCfg = Release|Any CPU
		{33F2A9DB-6BB1-49A2-3412-65E6A129A6EB}.Release|Any CPU.Build.0 = Release|Any CPU
	EndGlobalSection
	GlobalSection(SolutionProperties) = preSolution
		HideSolutionNode = FALSE
	EndGlobalSection
EndGlobal
