
Microsoft Visual Studio Solution File, Format Version 11.00
# Visual Studio 2010
Project("{FAE04EC0-301F-11D3-BF4B-00C04F79EFBC}") = "Location", "Location.csproj", "{4F142EAC-978D-4C2F-9872-89CF4048115A}"
EndProject
Global
	GlobalSection(SolutionConfigurationPlatforms) = preSolution
		Debug|Any CPU = Debug|Any CPU
		Release|Any CPU = Release|Any CPU
	EndGlobalSection
	GlobalSection(ProjectConfigurationPlatforms) = postSolution
		{4F142EAC-978D-4C2F-9872-89CF4048115A}.Debug|Any CPU.ActiveCfg = Debug|Any CPU
		{4F142EAC-978D-4C2F-9872-89CF4048115A}.Debug|Any CPU.Build.0 = Debug|Any CPU
		{4F142EAC-978D-4C2F-9872-89CF4048115A}.Release|Any CPU.ActiveCfg = Release|Any CPU
		{4F142EAC-978D-4C2F-9872-89CF4048115A}.Release|Any CPU.Build.0 = Release|Any CPU
	EndGlobalSection
	GlobalSection(SolutionProperties) = preSolution
		HideSolutionNode = FALSE
	EndGlobalSection
EndGlobal
