
Microsoft Visual Studio Solution File, Format Version 11.00
# Visual Studio 2010
Project("{FAE04EC0-301F-11D3-BF4B-00C04F79EFBC}") = "Test", "Test.csproj", "{F184D4A3-23B0-41B1-A0DD-A9A6C8A0E602}"
EndProject
Global
	GlobalSection(SolutionConfigurationPlatforms) = preSolution
		Debug|Any CPU = Debug|Any CPU
		Release|Any CPU = Release|Any CPU
	EndGlobalSection
	GlobalSection(ProjectConfigurationPlatforms) = postSolution
		{F184D4A3-23B0-41B1-A0DD-A9A6C8A0E602}.Debug|Any CPU.ActiveCfg = Debug|Any CPU
		{F184D4A3-23B0-41B1-A0DD-A9A6C8A0E602}.Debug|Any CPU.Build.0 = Debug|Any CPU
		{F184D4A3-23B0-41B1-A0DD-A9A6C8A0E602}.Release|Any CPU.ActiveCfg = Release|Any CPU
		{F184D4A3-23B0-41B1-A0DD-A9A6C8A0E602}.Release|Any CPU.Build.0 = Release|Any CPU
	EndGlobalSection
	GlobalSection(SolutionProperties) = preSolution
		HideSolutionNode = FALSE
	EndGlobalSection
EndGlobal
