
Microsoft Visual Studio Solution File, Format Version 11.00
# Visual Studio 2010
Project("{FAE04EC0-301F-11D3-BF4B-00C04F79EFBC}") = "Orientation", "Orientation.csproj", "{F7D3CA92-D02E-4C9D-95ED-D81835797FCA}"
EndProject
Global
	GlobalSection(SolutionConfigurationPlatforms) = preSolution
		Debug|Any CPU = Debug|Any CPU
		Release|Any CPU = Release|Any CPU
	EndGlobalSection
	GlobalSection(ProjectConfigurationPlatforms) = postSolution
		{F7D3CA92-D02E-4C9D-95ED-D81835797FCA}.Debug|Any CPU.ActiveCfg = Debug|Any CPU
		{F7D3CA92-D02E-4C9D-95ED-D81835797FCA}.Debug|Any CPU.Build.0 = Debug|Any CPU
		{F7D3CA92-D02E-4C9D-95ED-D81835797FCA}.Release|Any CPU.ActiveCfg = Release|Any CPU
		{F7D3CA92-D02E-4C9D-95ED-D81835797FCA}.Release|Any CPU.Build.0 = Release|Any CPU
	EndGlobalSection
	GlobalSection(SolutionProperties) = preSolution
		HideSolutionNode = FALSE
	EndGlobalSection
EndGlobal
