
Microsoft Visual Studio Solution File, Format Version 11.00
# Visual Studio 2010
Project("{FAE04EC0-301F-11D3-BF4B-00C04F79EFBC}") = "StartSecondActivity", "StartSecondActivity.csproj", "{C88289E6-0B3C-491E-B32C-D5DC3A2B1BE3}"
EndProject
Global
	GlobalSection(SolutionConfigurationPlatforms) = preSolution
		Debug|Any CPU = Debug|Any CPU
		Release|Any CPU = Release|Any CPU
	EndGlobalSection
	GlobalSection(ProjectConfigurationPlatforms) = postSolution
		{C88289E6-0B3C-491E-B32C-D5DC3A2B1BE3}.Debug|Any CPU.ActiveCfg = Debug|Any CPU
		{C88289E6-0B3C-491E-B32C-D5DC3A2B1BE3}.Debug|Any CPU.Build.0 = Debug|Any CPU
		{C88289E6-0B3C-491E-B32C-D5DC3A2B1BE3}.Release|Any CPU.ActiveCfg = Release|Any CPU
		{C88289E6-0B3C-491E-B32C-D5DC3A2B1BE3}.Release|Any CPU.Build.0 = Release|Any CPU
	EndGlobalSection
	GlobalSection(SolutionProperties) = preSolution
		HideSolutionNode = FALSE
	EndGlobalSection
EndGlobal
