
Microsoft Visual Studio Solution File, Format Version 11.00
# Visual Studio 2010
Project("{FAE04EC0-301F-11D3-BF4B-00C04F79EFBC}") = "RekenMaar", "RekenMaar.csproj", "{05A77AB7-EAFA-49C4-B1B4-9942C6652A14}"
EndProject
Global
	GlobalSection(SolutionConfigurationPlatforms) = preSolution
		Debug|Any CPU = Debug|Any CPU
		Release|Any CPU = Release|Any CPU
	EndGlobalSection
	GlobalSection(ProjectConfigurationPlatforms) = postSolution
		{05A77AB7-EAFA-49C4-B1B4-9942C6652A14}.Debug|Any CPU.ActiveCfg = Debug|Any CPU
		{05A77AB7-EAFA-49C4-B1B4-9942C6652A14}.Debug|Any CPU.Build.0 = Debug|Any CPU
		{05A77AB7-EAFA-49C4-B1B4-9942C6652A14}.Release|Any CPU.ActiveCfg = Release|Any CPU
		{05A77AB7-EAFA-49C4-B1B4-9942C6652A14}.Release|Any CPU.Build.0 = Release|Any CPU
	EndGlobalSection
	GlobalSection(SolutionProperties) = preSolution
		HideSolutionNode = FALSE
	EndGlobalSection
EndGlobal
